# This file is autogenerated, do not edit; changes may be undone by the next 'dep ensure'.


[[projects]]
  name = "github.com/pusher/jwt-go"
  packages = ["."]
  revision = "f46fb7ef125ee49d7b4219e50386b304c4300fbb"
  source = "git@github.com:pusher/jwt-go.git"
  version = "v3.0.1"

[[projects]]
  branch = "master"
  name = "golang.org/x/net"
  packages = [
    "http/httpguts",
    "http2",
    "http2/hpack",
    "idna"
  ]
  revision = "161cd47e91fd58ac17490ef4d742dc98bb4cf60e"

[[projects]]
  name = "golang.org/x/text"
  packages = [
    "collate",
    "collate/build",
    "internal/colltab",
    "internal/gen",
    "internal/tag",
    "internal/triegen",
    "internal/ucd",
    "language",
    "secure/bidirule",
    "transform",
    "unicode/bidi",
    "unicode/cldr",
    "unicode/norm",
    "unicode/rangetable"
  ]
  revision = "f21a4dfb5e38f5895301dc265a8def02365cc3d0"
  version = "v0.3.0"

[solve-meta]
  analyzer-name = "dep"
  analyzer-version = 1
  inputs-digest = "4af37cff8875982f4ac33fc231e332f8e7f321c3ed58c371469ba677a77158ee"
  solver-name = "gps-cdcl"
  solver-version = 1
