# This file is autogenerated, do not edit; changes may be undone by the next 'dep ensure'.


[[projects]]
  digest = "1:a485c5e5d2dfe43525400261971e534809374e6feb40322b0ce9d9d2194ea979"
  name = "github.com/pusher/jwt-go"
  packages = ["."]
  pruneopts = "UT"
  revision = "f46fb7ef125ee49d7b4219e50386b304c4300fbb"
  source = "github.com/pusher/jwt-go.git"
  version = "v3.0.1"

[solve-meta]
  analyzer-name = "dep"
  analyzer-version = 1
  input-imports = ["github.com/pusher/jwt-go"]
  solver-name = "gps-cdcl"
  solver-version = 1
